
Microsoft Visual Studio Solution File, Format Version 12.00
# Visual Studio 15
VisualStudioVersion = 15.0.27004.2008
MinimumVisualStudioVersion = 10.0.40219.1
Project("{FAE04EC0-301F-11D3-BF4B-00C04F79EFBC}") = "TDD and Moq workshop", "Calculator example - TDD and Moq\TDD and Moq workshop.csproj", "{6D99A59D-335C-4036-AE71-A82274B76FB1}"
EndProject
Global
	GlobalSection(SolutionConfigurationPlatforms) = preSolution
		Debug|Any CPU = Debug|Any CPU
		Release|Any CPU = Release|Any CPU
	EndGlobalSection
	GlobalSection(ProjectConfigurationPlatforms) = postSolution
		{6D99A59D-335C-4036-AE71-A82274B76FB1}.Debug|Any CPU.ActiveCfg = Debug|Any CPU
		{6D99A59D-335C-4036-AE71-A82274B76FB1}.Debug|Any CPU.Build.0 = Debug|Any CPU
		{6D99A59D-335C-4036-AE71-A82274B76FB1}.Release|Any CPU.ActiveCfg = Release|Any CPU
		{6D99A59D-335C-4036-AE71-A82274B76FB1}.Release|Any CPU.Build.0 = Release|Any CPU
	EndGlobalSection
	GlobalSection(SolutionProperties) = preSolution
		HideSolutionNode = FALSE
	EndGlobalSection
	GlobalSection(ExtensibilityGlobals) = postSolution
		SolutionGuid = {D07F2C40-788C-499F-A68E-D16FAFD504C7}
	EndGlobalSection
EndGlobal
